// !$*UTF8*$!
{
	archiveVersion = 1;
	classes = {
	};
	objectVersion = 56;
	objects = {

/* Begin PBXBuildFile section */
		4843FC192C2B960C000AF0CE /* MainApp.swift in Sources */ = {isa = PBXBuildFile; fileRef = 4843FC182C2B960C000AF0CE /* MainApp.swift */; };
		4843FC1B2C2B960C000AF0CE /* ContentView.swift in Sources */ = {isa = PBXBuildFile; fileRef = 4843FC1A2C2B960C000AF0CE /* ContentView.swift */; };
		4843FC1D2C2B960E000AF0CE /* Assets.xcassets in Resources */ = {isa = PBXBuildFile; fileRef = 4843FC1C2C2B960E000AF0CE /* Assets.xcassets */; };
		4843FC202C2B960E000AF0CE /* Preview Assets.xcassets in Resources */ = {isa = PBXBuildFile; fileRef = 4843FC1F2C2B960E000AF0CE /* Preview Assets.xcassets */; };
		4843FC252C2B960E000AF0CE /* Pure.xcdatamodeld in Sources */ = {isa = PBXBuildFile; fileRef = 4843FC232C2B960E000AF0CE /* Pure.xcdatamodeld */; };
		4843FC2D2C2B97D8000AF0CE /* Vessel.swift in Sources */ = {isa = PBXBuildFile; fileRef = 4843FC2C2C2B97D8000AF0CE /* Vessel.swift */; };
		4843FC372C2B9B1A000AF0CE /* HumanMO+CoreDataClass.swift in Sources */ = {isa = PBXBuildFile; fileRef = 4843FC352C2B9B1A000AF0CE /* HumanMO+CoreDataClass.swift */; };
		4843FC3A2C2B9B88000AF0CE /* AppState.swift in Sources */ = {isa = PBXBuildFile; fileRef = 4843FC392C2B9B88000AF0CE /* AppState.swift */; };
		4843FC3C2C2B9BAF000AF0CE /* CoreDataStacking.swift in Sources */ = {isa = PBXBuildFile; fileRef = 4843FC3B2C2B9BAF000AF0CE /* CoreDataStacking.swift */; };
		4843FC3E2C2B9CA8000AF0CE /* HTTPAccessing.swift in Sources */ = {isa = PBXBuildFile; fileRef = 4843FC3D2C2B9CA8000AF0CE /* HTTPAccessing.swift */; };
		4843FC402C2B9CBC000AF0CE /* Store.swift in Sources */ = {isa = PBXBuildFile; fileRef = 4843FC3F2C2B9CBC000AF0CE /* Store.swift */; };
		4843FC422C2B9D23000AF0CE /* Store+Combine.swift in Sources */ = {isa = PBXBuildFile; fileRef = 4843FC412C2B9D23000AF0CE /* Store+Combine.swift */; };
		4843FC442C2B9D59000AF0CE /* Store+View.swift in Sources */ = {isa = PBXBuildFile; fileRef = 4843FC432C2B9D59000AF0CE /* Store+View.swift */; };
		4843FC462C2B9D6F000AF0CE /* Task+Sleep.swift in Sources */ = {isa = PBXBuildFile; fileRef = 4843FC452C2B9D6F000AF0CE /* Task+Sleep.swift */; };
		4843FC482C2B9D80000AF0CE /* UiState.swift in Sources */ = {isa = PBXBuildFile; fileRef = 4843FC472C2B9D80000AF0CE /* UiState.swift */; };
		4843FC4A2C2B9DB5000AF0CE /* UnfairLock.swift in Sources */ = {isa = PBXBuildFile; fileRef = 4843FC492C2B9DB5000AF0CE /* UnfairLock.swift */; };
		4843FC4C2C2B9E80000AF0CE /* Serving.swift in Sources */ = {isa = PBXBuildFile; fileRef = 4843FC4B2C2B9E80000AF0CE /* Serving.swift */; };
		4843FC4E2C2B9E89000AF0CE /* Working.swift in Sources */ = {isa = PBXBuildFile; fileRef = 4843FC4D2C2B9E89000AF0CE /* Working.swift */; };
		4843FC502C2B9EA9000AF0CE /* Fizzle.swift in Sources */ = {isa = PBXBuildFile; fileRef = 4843FC4F2C2B9EA9000AF0CE /* Fizzle.swift */; };
		4843FC522C2B9EBF000AF0CE /* Person.swift in Sources */ = {isa = PBXBuildFile; fileRef = 4843FC512C2B9EBF000AF0CE /* Person.swift */; };
		4843FC542C2B9ED7000AF0CE /* LoadPersonAction.swift in Sources */ = {isa = PBXBuildFile; fileRef = 4843FC532C2B9ED7000AF0CE /* LoadPersonAction.swift */; };
		4843FC562C2B9EE8000AF0CE /* PersonWebRepository.swift in Sources */ = {isa = PBXBuildFile; fileRef = 4843FC552C2B9EE8000AF0CE /* PersonWebRepository.swift */; };
		4843FC582C2B9EF9000AF0CE /* PesronDBRepository.swift in Sources */ = {isa = PBXBuildFile; fileRef = 4843FC572C2B9EF9000AF0CE /* PesronDBRepository.swift */; };
		4843FC5A2C2B9F0D000AF0CE /* HTTPRandomuserAccess.swift in Sources */ = {isa = PBXBuildFile; fileRef = 4843FC592C2B9F0D000AF0CE /* HTTPRandomuserAccess.swift */; };
		4843FC5C2C2B9F2E000AF0CE /* InlineKeyValueTextCell.swift in Sources */ = {isa = PBXBuildFile; fileRef = 4843FC5B2C2B9F2E000AF0CE /* InlineKeyValueTextCell.swift */; };
		4843FC5E2C2B9F62000AF0CE /* HomeView.swift in Sources */ = {isa = PBXBuildFile; fileRef = 4843FC5D2C2B9F62000AF0CE /* HomeView.swift */; };
		4843FC602C2B9F74000AF0CE /* DetailView.swift in Sources */ = {isa = PBXBuildFile; fileRef = 4843FC5F2C2B9F74000AF0CE /* DetailView.swift */; };
		4843FC622C2B9F89000AF0CE /* DetailViewModel.swift in Sources */ = {isa = PBXBuildFile; fileRef = 4843FC612C2B9F89000AF0CE /* DetailViewModel.swift */; };
		4843FC662C2D64B1000AF0CE /* SetFieldVisibleAction.swift in Sources */ = {isa = PBXBuildFile; fileRef = 4843FC652C2D64B0000AF0CE /* SetFieldVisibleAction.swift */; };
/* End PBXBuildFile section */

/* Begin PBXFileReference section */
		4843FC152C2B960C000AF0CE /* Pure.app */ = {isa = PBXFileReference; explicitFileType = wrapper.application; includeInIndex = 0; path = Pure.app; sourceTree = BUILT_PRODUCTS_DIR; };
		4843FC182C2B960C000AF0CE /* MainApp.swift */ = {isa = PBXFileReference; lastKnownFileType = sourcecode.swift; path = MainApp.swift; sourceTree = "<group>"; };
		4843FC1A2C2B960C000AF0CE /* ContentView.swift */ = {isa = PBXFileReference; lastKnownFileType = sourcecode.swift; path = ContentView.swift; sourceTree = "<group>"; };
		4843FC1C2C2B960E000AF0CE /* Assets.xcassets */ = {isa = PBXFileReference; lastKnownFileType = folder.assetcatalog; path = Assets.xcassets; sourceTree = "<group>"; };
		4843FC1F2C2B960E000AF0CE /* Preview Assets.xcassets */ = {isa = PBXFileReference; lastKnownFileType = folder.assetcatalog; path = "Preview Assets.xcassets"; sourceTree = "<group>"; };
		4843FC242C2B960E000AF0CE /* Pure.xcdatamodel */ = {isa = PBXFileReference; lastKnownFileType = wrapper.xcdatamodel; path = Pure.xcdatamodel; sourceTree = "<group>"; };
		4843FC2B2C2B96C2000AF0CE /* Info.plist */ = {isa = PBXFileReference; lastKnownFileType = text.plist; path = Info.plist; sourceTree = "<group>"; };
		4843FC2C2C2B97D8000AF0CE /* Vessel.swift */ = {isa = PBXFileReference; lastKnownFileType = sourcecode.swift; path = Vessel.swift; sourceTree = "<group>"; };
		4843FC352C2B9B1A000AF0CE /* HumanMO+CoreDataClass.swift */ = {isa = PBXFileReference; lastKnownFileType = sourcecode.swift; path = "HumanMO+CoreDataClass.swift"; sourceTree = "<group>"; };
		4843FC392C2B9B88000AF0CE /* AppState.swift */ = {isa = PBXFileReference; lastKnownFileType = sourcecode.swift; path = AppState.swift; sourceTree = "<group>"; };
		4843FC3B2C2B9BAF000AF0CE /* CoreDataStacking.swift */ = {isa = PBXFileReference; lastKnownFileType = sourcecode.swift; path = CoreDataStacking.swift; sourceTree = "<group>"; };
		4843FC3D2C2B9CA8000AF0CE /* HTTPAccessing.swift */ = {isa = PBXFileReference; lastKnownFileType = sourcecode.swift; path = HTTPAccessing.swift; sourceTree = "<group>"; };
		4843FC3F2C2B9CBC000AF0CE /* Store.swift */ = {isa = PBXFileReference; lastKnownFileType = sourcecode.swift; path = Store.swift; sourceTree = "<group>"; };
		4843FC412C2B9D23000AF0CE /* Store+Combine.swift */ = {isa = PBXFileReference; lastKnownFileType = sourcecode.swift; path = "Store+Combine.swift"; sourceTree = "<group>"; };
		4843FC432C2B9D59000AF0CE /* Store+View.swift */ = {isa = PBXFileReference; lastKnownFileType = sourcecode.swift; path = "Store+View.swift"; sourceTree = "<group>"; };
		4843FC452C2B9D6F000AF0CE /* Task+Sleep.swift */ = {isa = PBXFileReference; lastKnownFileType = sourcecode.swift; path = "Task+Sleep.swift"; sourceTree = "<group>"; };
		4843FC472C2B9D80000AF0CE /* UiState.swift */ = {isa = PBXFileReference; lastKnownFileType = sourcecode.swift; path = UiState.swift; sourceTree = "<group>"; };
		4843FC492C2B9DB5000AF0CE /* UnfairLock.swift */ = {isa = PBXFileReference; lastKnownFileType = sourcecode.swift; path = UnfairLock.swift; sourceTree = "<group>"; };
		4843FC4B2C2B9E80000AF0CE /* Serving.swift */ = {isa = PBXFileReference; lastKnownFileType = sourcecode.swift; path = Serving.swift; sourceTree = "<group>"; };
		4843FC4D2C2B9E89000AF0CE /* Working.swift */ = {isa = PBXFileReference; lastKnownFileType = sourcecode.swift; path = Working.swift; sourceTree = "<group>"; };
		4843FC4F2C2B9EA9000AF0CE /* Fizzle.swift */ = {isa = PBXFileReference; lastKnownFileType = sourcecode.swift; path = Fizzle.swift; sourceTree = "<group>"; };
		4843FC512C2B9EBF000AF0CE /* Person.swift */ = {isa = PBXFileReference; lastKnownFileType = sourcecode.swift; path = Person.swift; sourceTree = "<group>"; };
		4843FC532C2B9ED7000AF0CE /* LoadPersonAction.swift */ = {isa = PBXFileReference; lastKnownFileType = sourcecode.swift; path = LoadPersonAction.swift; sourceTree = "<group>"; };
		4843FC552C2B9EE8000AF0CE /* PersonWebRepository.swift */ = {isa = PBXFileReference; lastKnownFileType = sourcecode.swift; path = PersonWebRepository.swift; sourceTree = "<group>"; };
		4843FC572C2B9EF9000AF0CE /* PesronDBRepository.swift */ = {isa = PBXFileReference; lastKnownFileType = sourcecode.swift; path = PesronDBRepository.swift; sourceTree = "<group>"; };
		4843FC592C2B9F0D000AF0CE /* HTTPRandomuserAccess.swift */ = {isa = PBXFileReference; lastKnownFileType = sourcecode.swift; path = HTTPRandomuserAccess.swift; sourceTree = "<group>"; };
		4843FC5B2C2B9F2E000AF0CE /* InlineKeyValueTextCell.swift */ = {isa = PBXFileReference; lastKnownFileType = sourcecode.swift; path = InlineKeyValueTextCell.swift; sourceTree = "<group>"; };
		4843FC5D2C2B9F62000AF0CE /* HomeView.swift */ = {isa = PBXFileReference; lastKnownFileType = sourcecode.swift; path = HomeView.swift; sourceTree = "<group>"; };
		4843FC5F2C2B9F74000AF0CE /* DetailView.swift */ = {isa = PBXFileReference; lastKnownFileType = sourcecode.swift; path = DetailView.swift; sourceTree = "<group>"; };
		4843FC612C2B9F89000AF0CE /* DetailViewModel.swift */ = {isa = PBXFileReference; lastKnownFileType = sourcecode.swift; path = DetailViewModel.swift; sourceTree = "<group>"; };
		4843FC652C2D64B0000AF0CE /* SetFieldVisibleAction.swift */ = {isa = PBXFileReference; lastKnownFileType = sourcecode.swift; path = SetFieldVisibleAction.swift; sourceTree = "<group>"; };
/* End PBXFileReference section */

/* Begin PBXFrameworksBuildPhase section */
		4843FC122C2B960C000AF0CE /* Frameworks */ = {
			isa = PBXFrameworksBuildPhase;
			buildActionMask = 2147483647;
			files = (
			);
			runOnlyForDeploymentPostprocessing = 0;
		};
/* End PBXFrameworksBuildPhase section */

/* Begin PBXGroup section */
		4843FC0C2C2B960C000AF0CE = {
			isa = PBXGroup;
			children = (
				4843FC172C2B960C000AF0CE /* Pure */,
				4843FC162C2B960C000AF0CE /* Products */,
			);
			sourceTree = "<group>";
		};
		4843FC162C2B960C000AF0CE /* Products */ = {
			isa = PBXGroup;
			children = (
				4843FC152C2B960C000AF0CE /* Pure.app */,
			);
			name = Products;
			sourceTree = "<group>";
		};
		4843FC172C2B960C000AF0CE /* Pure */ = {
			isa = PBXGroup;
			children = (
				4843FC182C2B960C000AF0CE /* MainApp.swift */,
				4843FC392C2B9B88000AF0CE /* AppState.swift */,
				4843FC4B2C2B9E80000AF0CE /* Serving.swift */,
				4843FC4D2C2B9E89000AF0CE /* Working.swift */,
				4843FC2C2C2B97D8000AF0CE /* Vessel.swift */,
				4843FC2E2C2B980B000AF0CE /* Model */,
				4843FC2F2C2B981C000AF0CE /* Screen */,
				4843FC302C2B982C000AF0CE /* Usecase */,
				4843FC312C2B9836000AF0CE /* Worker */,
				4843FC322C2B983F000AF0CE /* Gear */,
				4843FC332C2B9848000AF0CE /* Show */,
				4843FC342C2B9852000AF0CE /* Util */,
				4843FC2B2C2B96C2000AF0CE /* Info.plist */,
				4843FC1C2C2B960E000AF0CE /* Assets.xcassets */,
				4843FC1E2C2B960E000AF0CE /* Preview Content */,
			);
			path = Pure;
			sourceTree = "<group>";
		};
		4843FC1E2C2B960E000AF0CE /* Preview Content */ = {
			isa = PBXGroup;
			children = (
				4843FC1F2C2B960E000AF0CE /* Preview Assets.xcassets */,
			);
			path = "Preview Content";
			sourceTree = "<group>";
		};
		4843FC2E2C2B980B000AF0CE /* Model */ = {
			isa = PBXGroup;
			children = (
				4843FC4F2C2B9EA9000AF0CE /* Fizzle.swift */,
				4843FC512C2B9EBF000AF0CE /* Person.swift */,
			);
			name = Model;
			sourceTree = "<group>";
		};
		4843FC2F2C2B981C000AF0CE /* Screen */ = {
			isa = PBXGroup;
			children = (
				4843FC1A2C2B960C000AF0CE /* ContentView.swift */,
				4843FC5D2C2B9F62000AF0CE /* HomeView.swift */,
				4843FC5F2C2B9F74000AF0CE /* DetailView.swift */,
				4843FC612C2B9F89000AF0CE /* DetailViewModel.swift */,
			);
			name = Screen;
			sourceTree = "<group>";
		};
		4843FC302C2B982C000AF0CE /* Usecase */ = {
			isa = PBXGroup;
			children = (
				4843FC532C2B9ED7000AF0CE /* LoadPersonAction.swift */,
				4843FC652C2D64B0000AF0CE /* SetFieldVisibleAction.swift */,
			);
			name = Usecase;
			sourceTree = "<group>";
		};
		4843FC312C2B9836000AF0CE /* Worker */ = {
			isa = PBXGroup;
			children = (
				4843FC232C2B960E000AF0CE /* Pure.xcdatamodeld */,
				4843FC352C2B9B1A000AF0CE /* HumanMO+CoreDataClass.swift */,
				4843FC552C2B9EE8000AF0CE /* PersonWebRepository.swift */,
				4843FC572C2B9EF9000AF0CE /* PesronDBRepository.swift */,
			);
			name = Worker;
			sourceTree = "<group>";
		};
		4843FC322C2B983F000AF0CE /* Gear */ = {
			isa = PBXGroup;
			children = (
				4843FC592C2B9F0D000AF0CE /* HTTPRandomuserAccess.swift */,
			);
			name = Gear;
			sourceTree = "<group>";
		};
		4843FC332C2B9848000AF0CE /* Show */ = {
			isa = PBXGroup;
			children = (
				4843FC5B2C2B9F2E000AF0CE /* InlineKeyValueTextCell.swift */,
			);
			name = Show;
			sourceTree = "<group>";
		};
		4843FC342C2B9852000AF0CE /* Util */ = {
			isa = PBXGroup;
			children = (
				4843FC3B2C2B9BAF000AF0CE /* CoreDataStacking.swift */,
				4843FC3D2C2B9CA8000AF0CE /* HTTPAccessing.swift */,
				4843FC3F2C2B9CBC000AF0CE /* Store.swift */,
				4843FC412C2B9D23000AF0CE /* Store+Combine.swift */,
				4843FC432C2B9D59000AF0CE /* Store+View.swift */,
				4843FC452C2B9D6F000AF0CE /* Task+Sleep.swift */,
				4843FC472C2B9D80000AF0CE /* UiState.swift */,
				4843FC492C2B9DB5000AF0CE /* UnfairLock.swift */,
			);
			name = Util;
			sourceTree = "<group>";
		};
/* End PBXGroup section */

/* Begin PBXNativeTarget section */
		4843FC142C2B960C000AF0CE /* Pure */ = {
			isa = PBXNativeTarget;
			buildConfigurationList = 4843FC282C2B960E000AF0CE /* Build configuration list for PBXNativeTarget "Pure" */;
			buildPhases = (
				4843FC112C2B960C000AF0CE /* Sources */,
				4843FC122C2B960C000AF0CE /* Frameworks */,
				4843FC132C2B960C000AF0CE /* Resources */,
			);
			buildRules = (
			);
			dependencies = (
			);
			name = Pure;
			productName = Pure;
			productReference = 4843FC152C2B960C000AF0CE /* Pure.app */;
			productType = "com.apple.product-type.application";
		};
/* End PBXNativeTarget section */

/* Begin PBXProject section */
		4843FC0D2C2B960C000AF0CE /* Project object */ = {
			isa = PBXProject;
			attributes = {
				BuildIndependentTargetsInParallel = 1;
				LastSwiftUpdateCheck = 1420;
				LastUpgradeCheck = 1420;
				TargetAttributes = {
					4843FC142C2B960C000AF0CE = {
						CreatedOnToolsVersion = 14.2;
					};
				};
			};
			buildConfigurationList = 4843FC102C2B960C000AF0CE /* Build configuration list for PBXProject "Pure" */;
			compatibilityVersion = "Xcode 14.0";
			developmentRegion = en;
			hasScannedForEncodings = 0;
			knownRegions = (
				en,
				Base,
			);
			mainGroup = 4843FC0C2C2B960C000AF0CE;
			productRefGroup = 4843FC162C2B960C000AF0CE /* Products */;
			projectDirPath = "";
			projectRoot = "";
			targets = (
				4843FC142C2B960C000AF0CE /* Pure */,
			);
		};
/* End PBXProject section */

/* Begin PBXResourcesBuildPhase section */
		4843FC132C2B960C000AF0CE /* Resources */ = {
			isa = PBXResourcesBuildPhase;
			buildActionMask = 2147483647;
			files = (
				4843FC202C2B960E000AF0CE /* Preview Assets.xcassets in Resources */,
				4843FC1D2C2B960E000AF0CE /* Assets.xcassets in Resources */,
			);
			runOnlyForDeploymentPostprocessing = 0;
		};
/* End PBXResourcesBuildPhase section */

/* Begin PBXSourcesBuildPhase section */
		4843FC112C2B960C000AF0CE /* Sources */ = {
			isa = PBXSourcesBuildPhase;
			buildActionMask = 2147483647;
			files = (
				4843FC3C2C2B9BAF000AF0CE /* CoreDataStacking.swift in Sources */,
				4843FC4A2C2B9DB5000AF0CE /* UnfairLock.swift in Sources */,
				4843FC662C2D64B1000AF0CE /* SetFieldVisibleAction.swift in Sources */,
				4843FC252C2B960E000AF0CE /* Pure.xcdatamodeld in Sources */,
				4843FC5A2C2B9F0D000AF0CE /* HTTPRandomuserAccess.swift in Sources */,
				4843FC542C2B9ED7000AF0CE /* LoadPersonAction.swift in Sources */,
				4843FC462C2B9D6F000AF0CE /* Task+Sleep.swift in Sources */,
				4843FC5C2C2B9F2E000AF0CE /* InlineKeyValueTextCell.swift in Sources */,
				4843FC2D2C2B97D8000AF0CE /* Vessel.swift in Sources */,
				4843FC602C2B9F74000AF0CE /* DetailView.swift in Sources */,
				4843FC622C2B9F89000AF0CE /* DetailViewModel.swift in Sources */,
				4843FC502C2B9EA9000AF0CE /* Fizzle.swift in Sources */,
				4843FC522C2B9EBF000AF0CE /* Person.swift in Sources */,
				4843FC442C2B9D59000AF0CE /* Store+View.swift in Sources */,
				4843FC582C2B9EF9000AF0CE /* PesronDBRepository.swift in Sources */,
				4843FC422C2B9D23000AF0CE /* Store+Combine.swift in Sources */,
				4843FC482C2B9D80000AF0CE /* UiState.swift in Sources */,
				4843FC402C2B9CBC000AF0CE /* Store.swift in Sources */,
				4843FC4E2C2B9E89000AF0CE /* Working.swift in Sources */,
				4843FC562C2B9EE8000AF0CE /* PersonWebRepository.swift in Sources */,
				4843FC1B2C2B960C000AF0CE /* ContentView.swift in Sources */,
				4843FC3A2C2B9B88000AF0CE /* AppState.swift in Sources */,
				4843FC4C2C2B9E80000AF0CE /* Serving.swift in Sources */,
				4843FC372C2B9B1A000AF0CE /* HumanMO+CoreDataClass.swift in Sources */,
				4843FC5E2C2B9F62000AF0CE /* HomeView.swift in Sources */,
				4843FC3E2C2B9CA8000AF0CE /* HTTPAccessing.swift in Sources */,
				4843FC192C2B960C000AF0CE /* MainApp.swift in Sources */,
			);
			runOnlyForDeploymentPostprocessing = 0;
		};
/* End PBXSourcesBuildPhase section */

/* Begin XCBuildConfiguration section */
		4843FC262C2B960E000AF0CE /* Debug */ = {
			isa = XCBuildConfiguration;
			buildSettings = {
				ALWAYS_SEARCH_USER_PATHS = NO;
				CLANG_ANALYZER_NONNULL = YES;
				CLANG_ANALYZER_NUMBER_OBJECT_CONVERSION = YES_AGGRESSIVE;
				CLANG_CXX_LANGUAGE_STANDARD = "gnu++20";
				CLANG_ENABLE_MODULES = YES;
				CLANG_ENABLE_OBJC_ARC = YES;
				CLANG_ENABLE_OBJC_WEAK = YES;
				CLANG_WARN_BLOCK_CAPTURE_AUTORELEASING = YES;
				CLANG_WARN_BOOL_CONVERSION = YES;
				CLANG_WARN_COMMA = YES;
				CLANG_WARN_CONSTANT_CONVERSION = YES;
				CLANG_WARN_DEPRECATED_OBJC_IMPLEMENTATIONS = YES;
				CLANG_WARN_DIRECT_OBJC_ISA_USAGE = YES_ERROR;
				CLANG_WARN_DOCUMENTATION_COMMENTS = YES;
				CLANG_WARN_EMPTY_BODY = YES;
				CLANG_WARN_ENUM_CONVERSION = YES;
				CLANG_WARN_INFINITE_RECURSION = YES;
				CLANG_WARN_INT_CONVERSION = YES;
				CLANG_WARN_NON_LITERAL_NULL_CONVERSION = YES;
				CLANG_WARN_OBJC_IMPLICIT_RETAIN_SELF = YES;
				CLANG_WARN_OBJC_LITERAL_CONVERSION = YES;
				CLANG_WARN_OBJC_ROOT_CLASS = YES_ERROR;
				CLANG_WARN_QUOTED_INCLUDE_IN_FRAMEWORK_HEADER = YES;
				CLANG_WARN_RANGE_LOOP_ANALYSIS = YES;
				CLANG_WARN_STRICT_PROTOTYPES = YES;
				CLANG_WARN_SUSPICIOUS_MOVE = YES;
				CLANG_WARN_UNGUARDED_AVAILABILITY = YES_AGGRESSIVE;
				CLANG_WARN_UNREACHABLE_CODE = YES;
				CLANG_WARN__DUPLICATE_METHOD_MATCH = YES;
				COPY_PHASE_STRIP = NO;
				DEBUG_INFORMATION_FORMAT = dwarf;
				ENABLE_STRICT_OBJC_MSGSEND = YES;
				ENABLE_TESTABILITY = YES;
				GCC_C_LANGUAGE_STANDARD = gnu11;
				GCC_DYNAMIC_NO_PIC = NO;
				GCC_NO_COMMON_BLOCKS = YES;
				GCC_OPTIMIZATION_LEVEL = 0;
				GCC_PREPROCESSOR_DEFINITIONS = (
					"DEBUG=1",
					"$(inherited)",
				);
				GCC_WARN_64_TO_32_BIT_CONVERSION = YES;
				GCC_WARN_ABOUT_RETURN_TYPE = YES_ERROR;
				GCC_WARN_UNDECLARED_SELECTOR = YES;
				GCC_WARN_UNINITIALIZED_AUTOS = YES_AGGRESSIVE;
				GCC_WARN_UNUSED_FUNCTION = YES;
				GCC_WARN_UNUSED_VARIABLE = YES;
				IPHONEOS_DEPLOYMENT_TARGET = 16.0;
				MTL_ENABLE_DEBUG_INFO = INCLUDE_SOURCE;
				MTL_FAST_MATH = YES;
				ONLY_ACTIVE_ARCH = YES;
				SDKROOT = iphoneos;
				SWIFT_ACTIVE_COMPILATION_CONDITIONS = DEBUG;
				SWIFT_OPTIMIZATION_LEVEL = "-Onone";
			};
			name = Debug;
		};
		4843FC272C2B960E000AF0CE /* Release */ = {
			isa = XCBuildConfiguration;
			buildSettings = {
				ALWAYS_SEARCH_USER_PATHS = NO;
				CLANG_ANALYZER_NONNULL = YES;
				CLANG_ANALYZER_NUMBER_OBJECT_CONVERSION = YES_AGGRESSIVE;
				CLANG_CXX_LANGUAGE_STANDARD = "gnu++20";
				CLANG_ENABLE_MODULES = YES;
				CLANG_ENABLE_OBJC_ARC = YES;
				CLANG_ENABLE_OBJC_WEAK = YES;
				CLANG_WARN_BLOCK_CAPTURE_AUTORELEASING = YES;
				CLANG_WARN_BOOL_CONVERSION = YES;
				CLANG_WARN_COMMA = YES;
				CLANG_WARN_CONSTANT_CONVERSION = YES;
				CLANG_WARN_DEPRECATED_OBJC_IMPLEMENTATIONS = YES;
				CLANG_WARN_DIRECT_OBJC_ISA_USAGE = YES_ERROR;
				CLANG_WARN_DOCUMENTATION_COMMENTS = YES;
				CLANG_WARN_EMPTY_BODY = YES;
				CLANG_WARN_ENUM_CONVERSION = YES;
				CLANG_WARN_INFINITE_RECURSION = YES;
				CLANG_WARN_INT_CONVERSION = YES;
				CLANG_WARN_NON_LITERAL_NULL_CONVERSION = YES;
				CLANG_WARN_OBJC_IMPLICIT_RETAIN_SELF = YES;
				CLANG_WARN_OBJC_LITERAL_CONVERSION = YES;
				CLANG_WARN_OBJC_ROOT_CLASS = YES_ERROR;
				CLANG_WARN_QUOTED_INCLUDE_IN_FRAMEWORK_HEADER = YES;
				CLANG_WARN_RANGE_LOOP_ANALYSIS = YES;
				CLANG_WARN_STRICT_PROTOTYPES = YES;
				CLANG_WARN_SUSPICIOUS_MOVE = YES;
				CLANG_WARN_UNGUARDED_AVAILABILITY = YES_AGGRESSIVE;
				CLANG_WARN_UNREACHABLE_CODE = YES;
				CLANG_WARN__DUPLICATE_METHOD_MATCH = YES;
				COPY_PHASE_STRIP = NO;
				DEBUG_INFORMATION_FORMAT = "dwarf-with-dsym";
				ENABLE_NS_ASSERTIONS = NO;
				ENABLE_STRICT_OBJC_MSGSEND = YES;
				GCC_C_LANGUAGE_STANDARD = gnu11;
				GCC_NO_COMMON_BLOCKS = YES;
				GCC_WARN_64_TO_32_BIT_CONVERSION = YES;
				GCC_WARN_ABOUT_RETURN_TYPE = YES_ERROR;
				GCC_WARN_UNDECLARED_SELECTOR = YES;
				GCC_WARN_UNINITIALIZED_AUTOS = YES_AGGRESSIVE;
				GCC_WARN_UNUSED_FUNCTION = YES;
				GCC_WARN_UNUSED_VARIABLE = YES;
				IPHONEOS_DEPLOYMENT_TARGET = 16.0;
				MTL_ENABLE_DEBUG_INFO = NO;
				MTL_FAST_MATH = YES;
				SDKROOT = iphoneos;
				SWIFT_COMPILATION_MODE = wholemodule;
				SWIFT_OPTIMIZATION_LEVEL = "-O";
				VALIDATE_PRODUCT = YES;
			};
			name = Release;
		};
		4843FC292C2B960E000AF0CE /* Debug */ = {
			isa = XCBuildConfiguration;
			buildSettings = {
				ASSETCATALOG_COMPILER_APPICON_NAME = AppIcon;
				ASSETCATALOG_COMPILER_GLOBAL_ACCENT_COLOR_NAME = AccentColor;
				CODE_SIGN_STYLE = Automatic;
				CURRENT_PROJECT_VERSION = 1;
				DEVELOPMENT_ASSET_PATHS = "\"Pure/Preview Content\"";
				ENABLE_PREVIEWS = YES;
				GENERATE_INFOPLIST_FILE = YES;
				INFOPLIST_FILE = Pure/Info.plist;
				INFOPLIST_KEY_UIApplicationSupportsIndirectInputEvents = YES;
				INFOPLIST_KEY_UILaunchScreen_Generation = YES;
				INFOPLIST_KEY_UISupportedInterfaceOrientations_iPad = "UIInterfaceOrientationPortrait UIInterfaceOrientationPortraitUpsideDown UIInterfaceOrientationLandscapeLeft UIInterfaceOrientationLandscapeRight";
				INFOPLIST_KEY_UISupportedInterfaceOrientations_iPhone = "UIInterfaceOrientationPortrait UIInterfaceOrientationLandscapeLeft UIInterfaceOrientationLandscapeRight";
				LD_RUNPATH_SEARCH_PATHS = (
					"$(inherited)",
					"@executable_path/Frameworks",
				);
				MARKETING_VERSION = 1.0;
				PRODUCT_BUNDLE_IDENTIFIER = com.example.Pure;
				PRODUCT_NAME = "$(TARGET_NAME)";
				SWIFT_EMIT_LOC_STRINGS = YES;
				SWIFT_VERSION = 5.0;
				TARGETED_DEVICE_FAMILY = "1,2";
			};
			name = Debug;
		};
		4843FC2A2C2B960E000AF0CE /* Release */ = {
			isa = XCBuildConfiguration;
			buildSettings = {
				ASSETCATALOG_COMPILER_APPICON_NAME = AppIcon;
				ASSETCATALOG_COMPILER_GLOBAL_ACCENT_COLOR_NAME = AccentColor;
				CODE_SIGN_STYLE = Automatic;
				CURRENT_PROJECT_VERSION = 1;
				DEVELOPMENT_ASSET_PATHS = "\"Pure/Preview Content\"";
				ENABLE_PREVIEWS = YES;
				GENERATE_INFOPLIST_FILE = YES;
				INFOPLIST_FILE = Pure/Info.plist;
				INFOPLIST_KEY_UIApplicationSupportsIndirectInputEvents = YES;
				INFOPLIST_KEY_UILaunchScreen_Generation = YES;
				INFOPLIST_KEY_UISupportedInterfaceOrientations_iPad = "UIInterfaceOrientationPortrait UIInterfaceOrientationPortraitUpsideDown UIInterfaceOrientationLandscapeLeft UIInterfaceOrientationLandscapeRight";
				INFOPLIST_KEY_UISupportedInterfaceOrientations_iPhone = "UIInterfaceOrientationPortrait UIInterfaceOrientationLandscapeLeft UIInterfaceOrientationLandscapeRight";
				LD_RUNPATH_SEARCH_PATHS = (
					"$(inherited)",
					"@executable_path/Frameworks",
				);
				MARKETING_VERSION = 1.0;
				PRODUCT_BUNDLE_IDENTIFIER = com.example.Pure;
				PRODUCT_NAME = "$(TARGET_NAME)";
				SWIFT_EMIT_LOC_STRINGS = YES;
				SWIFT_VERSION = 5.0;
				TARGETED_DEVICE_FAMILY = "1,2";
			};
			name = Release;
		};
/* End XCBuildConfiguration section */

/* Begin XCConfigurationList section */
		4843FC102C2B960C000AF0CE /* Build configuration list for PBXProject "Pure" */ = {
			isa = XCConfigurationList;
			buildConfigurations = (
				4843FC262C2B960E000AF0CE /* Debug */,
				4843FC272C2B960E000AF0CE /* Release */,
			);
			defaultConfigurationIsVisible = 0;
			defaultConfigurationName = Release;
		};
		4843FC282C2B960E000AF0CE /* Build configuration list for PBXNativeTarget "Pure" */ = {
			isa = XCConfigurationList;
			buildConfigurations = (
				4843FC292C2B960E000AF0CE /* Debug */,
				4843FC2A2C2B960E000AF0CE /* Release */,
			);
			defaultConfigurationIsVisible = 0;
			defaultConfigurationName = Release;
		};
/* End XCConfigurationList section */

/* Begin XCVersionGroup section */
		4843FC232C2B960E000AF0CE /* Pure.xcdatamodeld */ = {
			isa = XCVersionGroup;
			children = (
				4843FC242C2B960E000AF0CE /* Pure.xcdatamodel */,
			);
			currentVersion = 4843FC242C2B960E000AF0CE /* Pure.xcdatamodel */;
			path = Pure.xcdatamodeld;
			sourceTree = "<group>";
			versionGroupType = wrapper.xcdatamodel;
		};
/* End XCVersionGroup section */
	};
	rootObject = 4843FC0D2C2B960C000AF0CE /* Project object */;
}
